
Microsoft Visual Studio Solution File, Format Version 12.00
# Visual Studio Version 17
VisualStudioVersion = 17.5.33530.505
MinimumVisualStudioVersion = 10.0.40219.1
Project("{FAE04EC0-301F-11D3-BF4B-00C04F79EFBC}") = "RandomSharp", "RandomSharp\RandomSharp.csproj", "{9CC17AFB-11D8-4AFA-BECF-6EF2A132E13D}"
EndProject
Project("{FAE04EC0-301F-11D3-BF4B-00C04F79EFBC}") = "RandomSharp.UnitTest", "RandomSharp.UnitTest\RandomSharp.UnitTest.csproj", "{3B9426E8-E3BE-44E0-A75E-BB9199DFDFF6}"
EndProject
Global
	GlobalSection(SolutionConfigurationPlatforms) = preSolution
		Debug|Any CPU = Debug|Any CPU
		Release|Any CPU = Release|Any CPU
	EndGlobalSection
	GlobalSection(ProjectConfigurationPlatforms) = postSolution
		{9CC17AFB-11D8-4AFA-BECF-6EF2A132E13D}.Debug|Any CPU.ActiveCfg = Debug|Any CPU
		{9CC17AFB-11D8-4AFA-BECF-6EF2A132E13D}.Debug|Any CPU.Build.0 = Debug|Any CPU
		{9CC17AFB-11D8-4AFA-BECF-6EF2A132E13D}.Release|Any CPU.ActiveCfg = Release|Any CPU
		{9CC17AFB-11D8-4AFA-BECF-6EF2A132E13D}.Release|Any CPU.Build.0 = Release|Any CPU
		{3B9426E8-E3BE-44E0-A75E-BB9199DFDFF6}.Debug|Any CPU.ActiveCfg = Debug|Any CPU
		{3B9426E8-E3BE-44E0-A75E-BB9199DFDFF6}.Debug|Any CPU.Build.0 = Debug|Any CPU
		{3B9426E8-E3BE-44E0-A75E-BB9199DFDFF6}.Release|Any CPU.ActiveCfg = Release|Any CPU
		{3B9426E8-E3BE-44E0-A75E-BB9199DFDFF6}.Release|Any CPU.Build.0 = Release|Any CPU
	EndGlobalSection
	GlobalSection(SolutionProperties) = preSolution
		HideSolutionNode = FALSE
	EndGlobalSection
	GlobalSection(ExtensibilityGlobals) = postSolution
		SolutionGuid = {02EDC64F-4878-4E60-A008-BCBBC0E91A16}
	EndGlobalSection
EndGlobal
